
Microsoft Visual Studio Solution File, Format Version 12.00
# Visual Studio Version 18
VisualStudioVersion = 18.6.11828.311 oobstable
MinimumVisualStudioVersion = 10.0.40219.1
Project("{FAE04EC0-301F-11D3-BF4B-00C04F79EFBC}") = "Eithan_System", "Eithan_System.csproj", "{BE74AC87-ACBF-411B-98A1-42C6BF92B530}"
EndProject
Project("{FAE04EC0-301F-11D3-BF4B-00C04F79EFBC}") = "CapaRN", "..\CapaRN\CapaRN.csproj", "{CAD2831A-8A27-4FCA-8C92-066F19977687}"
EndProject
Project("{FAE04EC0-301F-11D3-BF4B-00C04F79EFBC}") = "CapaAD", "..\CapaAD\CapaAD.csproj", "{BC50B770-E3AC-41CB-826F-44251A455956}"
EndProject
Global
	GlobalSection(SolutionConfigurationPlatforms) = preSolution
		Debug|Any CPU = Debug|Any CPU
		Release|Any CPU = Release|Any CPU
	EndGlobalSection
	GlobalSection(ProjectConfigurationPlatforms) = postSolution
		{BE74AC87-ACBF-411B-98A1-42C6BF92B530}.Debug|Any CPU.ActiveCfg = Debug|Any CPU
		{BE74AC87-ACBF-411B-98A1-42C6BF92B530}.Debug|Any CPU.Build.0 = Debug|Any CPU
		{BE74AC87-ACBF-411B-98A1-42C6BF92B530}.Release|Any CPU.ActiveCfg = Release|Any CPU
		{BE74AC87-ACBF-411B-98A1-42C6BF92B530}.Release|Any CPU.Build.0 = Release|Any CPU
		{CAD2831A-8A27-4FCA-8C92-066F19977687}.Debug|Any CPU.ActiveCfg = Debug|Any CPU
		{CAD2831A-8A27-4FCA-8C92-066F19977687}.Debug|Any CPU.Build.0 = Debug|Any CPU
		{CAD2831A-8A27-4FCA-8C92-066F19977687}.Release|Any CPU.ActiveCfg = Release|Any CPU
		{CAD2831A-8A27-4FCA-8C92-066F19977687}.Release|Any CPU.Build.0 = Release|Any CPU
		{BC50B770-E3AC-41CB-826F-44251A455956}.Debug|Any CPU.ActiveCfg = Debug|Any CPU
		{BC50B770-E3AC-41CB-826F-44251A455956}.Debug|Any CPU.Build.0 = Debug|Any CPU
		{BC50B770-E3AC-41CB-826F-44251A455956}.Release|Any CPU.ActiveCfg = Release|Any CPU
		{BC50B770-E3AC-41CB-826F-44251A455956}.Release|Any CPU.Build.0 = Release|Any CPU
	EndGlobalSection
	GlobalSection(SolutionProperties) = preSolution
		HideSolutionNode = FALSE
	EndGlobalSection
	GlobalSection(ExtensibilityGlobals) = postSolution
		SolutionGuid = {AD897F1A-571B-4281-B0DD-CE4E6274B3AF}
	EndGlobalSection
EndGlobal
